
Microsoft Visual Studio Solution File, Format Version 12.00
# Visual Studio Version 17
VisualStudioVersion = 17.8.34525.116
MinimumVisualStudioVersion = 10.0.40219.1
Project("{FAE04EC0-301F-11D3-BF4B-00C04F79EFBC}") = "PizzaStore", "PizzaStore\PizzaStore.csproj", "{D7C18EBE-9974-4DD3-8645-8B1BCF0D103F}"
EndProject
Global
	GlobalSection(SolutionConfigurationPlatforms) = preSolution
		Debug|Any CPU = Debug|Any CPU
		Release|Any CPU = Release|Any CPU
	EndGlobalSection
	GlobalSection(ProjectConfigurationPlatforms) = postSolution
		{D7C18EBE-9974-4DD3-8645-8B1BCF0D103F}.Debug|Any CPU.ActiveCfg = Debug|Any CPU
		{D7C18EBE-9974-4DD3-8645-8B1BCF0D103F}.Debug|Any CPU.Build.0 = Debug|Any CPU
		{D7C18EBE-9974-4DD3-8645-8B1BCF0D103F}.Release|Any CPU.ActiveCfg = Release|Any CPU
		{D7C18EBE-9974-4DD3-8645-8B1BCF0D103F}.Release|Any CPU.Build.0 = Release|Any CPU
	EndGlobalSection
	GlobalSection(SolutionProperties) = preSolution
		HideSolutionNode = FALSE
	EndGlobalSection
	GlobalSection(ExtensibilityGlobals) = postSolution
		SolutionGuid = {44A040E8-9016-4AE5-AF94-E266E7F7FA00}
	EndGlobalSection
EndGlobal
